
Microsoft Visual Studio Solution File, Format Version 12.00
# Visual Studio 14
VisualStudioVersion = 14.0.25420.1
MinimumVisualStudioVersion = 10.0.40219.1
Project("{FAE04EC0-301F-11D3-BF4B-00C04F79EFBC}") = "HopfieldNetworkOCR", "HopfieldNetworkOCR\HopfieldNetworkOCR.csproj", "{A3F9F444-9143-4ACA-BE85-09E549F1F523}"
EndProject
Project("{FAE04EC0-301F-11D3-BF4B-00C04F79EFBC}") = "HopfieldNetworkOCR.UnitTests", "HopfieldNetworkOCR.UnitTests\HopfieldNetworkOCR.UnitTests.csproj", "{05CD634B-3E38-4BB1-A43E-CC562B99E2CC}"
EndProject
Project("{2150E333-8FDC-42A3-9474-1A3956D46DE8}") = "TrainingData", "TrainingData", "{B83E55D8-60D2-48BE-8486-63AEBCF025F0}"
	ProjectSection(SolutionItems) = preProject
		TrainingData\arial.ttf = TrainingData\arial.ttf
		TrainingData\export.bat = TrainingData\export.bat
	EndProjectSection
EndProject
Project("{FAE04EC0-301F-11D3-BF4B-00C04F79EFBC}") = "HopfieldNetworkOCR.Core", "HopfieldNetworkOCR.Core\HopfieldNetworkOCR.Core.csproj", "{54EF2E9E-CFC5-4714-93D8-6FC8698B5B96}"
EndProject
Global
	GlobalSection(SolutionConfigurationPlatforms) = preSolution
		Debug|Any CPU = Debug|Any CPU
		Debug|x86 = Debug|x86
		Release|Any CPU = Release|Any CPU
		Release|x86 = Release|x86
	EndGlobalSection
	GlobalSection(ProjectConfigurationPlatforms) = postSolution
		{A3F9F444-9143-4ACA-BE85-09E549F1F523}.Debug|Any CPU.ActiveCfg = Debug|Any CPU
		{A3F9F444-9143-4ACA-BE85-09E549F1F523}.Debug|Any CPU.Build.0 = Debug|Any CPU
		{A3F9F444-9143-4ACA-BE85-09E549F1F523}.Debug|x86.ActiveCfg = Debug|Any CPU
		{A3F9F444-9143-4ACA-BE85-09E549F1F523}.Debug|x86.Build.0 = Debug|Any CPU
		{A3F9F444-9143-4ACA-BE85-09E549F1F523}.Release|Any CPU.ActiveCfg = Release|Any CPU
		{A3F9F444-9143-4ACA-BE85-09E549F1F523}.Release|Any CPU.Build.0 = Release|Any CPU
		{A3F9F444-9143-4ACA-BE85-09E549F1F523}.Release|x86.ActiveCfg = Release|Any CPU
		{A3F9F444-9143-4ACA-BE85-09E549F1F523}.Release|x86.Build.0 = Release|Any CPU
		{05CD634B-3E38-4BB1-A43E-CC562B99E2CC}.Debug|Any CPU.ActiveCfg = Debug|Any CPU
		{05CD634B-3E38-4BB1-A43E-CC562B99E2CC}.Debug|Any CPU.Build.0 = Debug|Any CPU
		{05CD634B-3E38-4BB1-A43E-CC562B99E2CC}.Debug|x86.ActiveCfg = Debug|Any CPU
		{05CD634B-3E38-4BB1-A43E-CC562B99E2CC}.Debug|x86.Build.0 = Debug|Any CPU
		{05CD634B-3E38-4BB1-A43E-CC562B99E2CC}.Release|Any CPU.ActiveCfg = Release|Any CPU
		{05CD634B-3E38-4BB1-A43E-CC562B99E2CC}.Release|Any CPU.Build.0 = Release|Any CPU
		{05CD634B-3E38-4BB1-A43E-CC562B99E2CC}.Release|x86.ActiveCfg = Release|Any CPU
		{05CD634B-3E38-4BB1-A43E-CC562B99E2CC}.Release|x86.Build.0 = Release|Any CPU
		{54EF2E9E-CFC5-4714-93D8-6FC8698B5B96}.Debug|Any CPU.ActiveCfg = Debug|Any CPU
		{54EF2E9E-CFC5-4714-93D8-6FC8698B5B96}.Debug|Any CPU.Build.0 = Debug|Any CPU
		{54EF2E9E-CFC5-4714-93D8-6FC8698B5B96}.Debug|x86.ActiveCfg = Debug|Any CPU
		{54EF2E9E-CFC5-4714-93D8-6FC8698B5B96}.Debug|x86.Build.0 = Debug|Any CPU
		{54EF2E9E-CFC5-4714-93D8-6FC8698B5B96}.Release|Any CPU.ActiveCfg = Release|Any CPU
		{54EF2E9E-CFC5-4714-93D8-6FC8698B5B96}.Release|Any CPU.Build.0 = Release|Any CPU
		{54EF2E9E-CFC5-4714-93D8-6FC8698B5B96}.Release|x86.ActiveCfg = Release|Any CPU
		{54EF2E9E-CFC5-4714-93D8-6FC8698B5B96}.Release|x86.Build.0 = Release|Any CPU
	EndGlobalSection
	GlobalSection(SolutionProperties) = preSolution
		HideSolutionNode = FALSE
	EndGlobalSection
EndGlobal
